
Microsoft Visual Studio Solution File, Format Version 12.00
Project("{FAE04EC0-301F-11D3-BF4B-00C04F79EFBC}") = "Singleton", "Singleton\Singleton.csproj", "{A6F8C50E-EB84-4CF3-B441-F6E4D52DEDE2}"
EndProject
Global
	GlobalSection(SolutionConfigurationPlatforms) = preSolution
		Debug|Any CPU = Debug|Any CPU
		Release|Any CPU = Release|Any CPU
	EndGlobalSection
	GlobalSection(ProjectConfigurationPlatforms) = postSolution
		{A6F8C50E-EB84-4CF3-B441-F6E4D52DEDE2}.Debug|Any CPU.ActiveCfg = Debug|Any CPU
		{A6F8C50E-EB84-4CF3-B441-F6E4D52DEDE2}.Debug|Any CPU.Build.0 = Debug|Any CPU
		{A6F8C50E-EB84-4CF3-B441-F6E4D52DEDE2}.Release|Any CPU.ActiveCfg = Release|Any CPU
		{A6F8C50E-EB84-4CF3-B441-F6E4D52DEDE2}.Release|Any CPU.Build.0 = Release|Any CPU
	EndGlobalSection
EndGlobal
